// !$*UTF8*$!
{
	archiveVersion = 1;
	classes = {
	};
	objectVersion = 50;
	objects = {

/* Begin PBXBuildFile section */
		861CE41412E67E7C51A7613A /* Pods_WunderDemoUITests.framework in Frameworks */ = {isa = PBXBuildFile; fileRef = 220F6D834AC07FFED4100EF1 /* Pods_WunderDemoUITests.framework */; };
		CB6DD39A4033A8323E1D1E04 /* Pods_WunderDemoTests.framework in Frameworks */ = {isa = PBXBuildFile; fileRef = 46829E0E0D8EFCA69B364A53 /* Pods_WunderDemoTests.framework */; };
		F11485B324E862E900F3F48F /* AppDelegate.swift in Sources */ = {isa = PBXBuildFile; fileRef = F11485B224E862E900F3F48F /* AppDelegate.swift */; };
		F11485B524E862E900F3F48F /* SceneDelegate.swift in Sources */ = {isa = PBXBuildFile; fileRef = F11485B424E862E900F3F48F /* SceneDelegate.swift */; };
		F11485B724E862E900F3F48F /* BaseViewController.swift in Sources */ = {isa = PBXBuildFile; fileRef = F11485B624E862E900F3F48F /* BaseViewController.swift */; };
		F11485BA24E862E900F3F48F /* Main.storyboard in Resources */ = {isa = PBXBuildFile; fileRef = F11485B824E862E900F3F48F /* Main.storyboard */; };
		F11485BC24E862EA00F3F48F /* Assets.xcassets in Resources */ = {isa = PBXBuildFile; fileRef = F11485BB24E862EA00F3F48F /* Assets.xcassets */; };
		F11485BF24E862EA00F3F48F /* LaunchScreen.storyboard in Resources */ = {isa = PBXBuildFile; fileRef = F11485BD24E862EA00F3F48F /* LaunchScreen.storyboard */; };
		F11485D524E862EA00F3F48F /* WunderDemoUITests.swift in Sources */ = {isa = PBXBuildFile; fileRef = F11485D424E862EA00F3F48F /* WunderDemoUITests.swift */; };
		F150197024E8973B00F4B842 /* TabBarViewController.swift in Sources */ = {isa = PBXBuildFile; fileRef = F150196F24E8973B00F4B842 /* TabBarViewController.swift */; };
		F150197324E897BB00F4B842 /* CarTabViewController.swift in Sources */ = {isa = PBXBuildFile; fileRef = F150197224E897BB00F4B842 /* CarTabViewController.swift */; };
		F150197624E8988300F4B842 /* CarInfoTableViewCell.swift in Sources */ = {isa = PBXBuildFile; fileRef = F150197524E8988300F4B842 /* CarInfoTableViewCell.swift */; };
		F150197824E8A62D00F4B842 /* CarTableViewDataSource.swift in Sources */ = {isa = PBXBuildFile; fileRef = F150197724E8A62D00F4B842 /* CarTableViewDataSource.swift */; };
		F150197A24E8A68400F4B842 /* PlacemarkResponse.swift in Sources */ = {isa = PBXBuildFile; fileRef = F150197924E8A68400F4B842 /* PlacemarkResponse.swift */; };
		F150197C24E8A69800F4B842 /* Placemark.swift in Sources */ = {isa = PBXBuildFile; fileRef = F150197B24E8A69800F4B842 /* Placemark.swift */; };
		F150197F24E8A7A400F4B842 /* API.swift in Sources */ = {isa = PBXBuildFile; fileRef = F150197E24E8A7A300F4B842 /* API.swift */; };
		F150198124E8A7C800F4B842 /* IntExtensions.swift in Sources */ = {isa = PBXBuildFile; fileRef = F150198024E8A7C800F4B842 /* IntExtensions.swift */; };
		F150198324E8A7E700F4B842 /* AppUtils.swift in Sources */ = {isa = PBXBuildFile; fileRef = F150198224E8A7E700F4B842 /* AppUtils.swift */; };
		F150198624E8AB0100F4B842 /* PlaceMarkInteractor.swift in Sources */ = {isa = PBXBuildFile; fileRef = F150198524E8AB0100F4B842 /* PlaceMarkInteractor.swift */; };
		F150198824E8AB1B00F4B842 /* PlaceMarkInteractorInput.swift in Sources */ = {isa = PBXBuildFile; fileRef = F150198724E8AB1B00F4B842 /* PlaceMarkInteractorInput.swift */; };
		F150198A24E8AB3600F4B842 /* PlaceMarkInteractorOutput.swift in Sources */ = {isa = PBXBuildFile; fileRef = F150198924E8AB3600F4B842 /* PlaceMarkInteractorOutput.swift */; };
		F150198C24E8AB5100F4B842 /* PlaceMarkPresenter.swift in Sources */ = {isa = PBXBuildFile; fileRef = F150198B24E8AB5100F4B842 /* PlaceMarkPresenter.swift */; };
		F150198E24E8AB6600F4B842 /* PlaceMarkTabPresenterInput.swift in Sources */ = {isa = PBXBuildFile; fileRef = F150198D24E8AB6600F4B842 /* PlaceMarkTabPresenterInput.swift */; };
		F150199024E8AB8100F4B842 /* PlaceMarkTabViewInput.swift in Sources */ = {isa = PBXBuildFile; fileRef = F150198F24E8AB8100F4B842 /* PlaceMarkTabViewInput.swift */; };
		F150199424E8AC0C00F4B842 /* AlamofireDataRequestExtensions.swift in Sources */ = {isa = PBXBuildFile; fileRef = F150199324E8AC0C00F4B842 /* AlamofireDataRequestExtensions.swift */; };
		F150199624E8AC2900F4B842 /* BaseMappableNetworkRequest.swift in Sources */ = {isa = PBXBuildFile; fileRef = F150199524E8AC2900F4B842 /* BaseMappableNetworkRequest.swift */; };
		F150199824E8AC4800F4B842 /* BaseNetworkRequest.swift in Sources */ = {isa = PBXBuildFile; fileRef = F150199724E8AC4800F4B842 /* BaseNetworkRequest.swift */; };
		F150199A24E8AC6B00F4B842 /* PlacemarkListService.swift in Sources */ = {isa = PBXBuildFile; fileRef = F150199924E8AC6B00F4B842 /* PlacemarkListService.swift */; };
		F150199C24E8B17900F4B842 /* MapTabViewController.swift in Sources */ = {isa = PBXBuildFile; fileRef = F150199B24E8B17900F4B842 /* MapTabViewController.swift */; };
		F150199E24E8B1D700F4B842 /* UIViewExtensiosn.swift in Sources */ = {isa = PBXBuildFile; fileRef = F150199D24E8B1D700F4B842 /* UIViewExtensiosn.swift */; };
		F17FBAB624E8C2F7002C2D43 /* Localization.strings in Resources */ = {isa = PBXBuildFile; fileRef = F17FBAB524E8C2F7002C2D43 /* Localization.strings */; };
		F18DD04324E9905600AD08A8 /* Pods_WunderDemo.framework in Frameworks */ = {isa = PBXBuildFile; fileRef = 931F4CD1B6C2671AA90531DA /* Pods_WunderDemo.framework */; };
		F18DD04424E9905600AD08A8 /* Pods_WunderDemo.framework in Embed Frameworks */ = {isa = PBXBuildFile; fileRef = 931F4CD1B6C2671AA90531DA /* Pods_WunderDemo.framework */; settings = {ATTRIBUTES = (CodeSignOnCopy, RemoveHeadersOnCopy, ); }; };
		F18F891D24E9735600EEEF00 /* CarInfoTableViewCellTests.swift in Sources */ = {isa = PBXBuildFile; fileRef = F18F891C24E9735600EEEF00 /* CarInfoTableViewCellTests.swift */; };
		F18F891F24E973C200EEEF00 /* MapTabViewControllerTests.swift in Sources */ = {isa = PBXBuildFile; fileRef = F18F891E24E973C200EEEF00 /* MapTabViewControllerTests.swift */; };
		F18F892324E9741900EEEF00 /* PlacemarkResponseTests.swift in Sources */ = {isa = PBXBuildFile; fileRef = F18F892224E9741900EEEF00 /* PlacemarkResponseTests.swift */; };
		F18F892524E9744A00EEEF00 /* locations.json in Resources */ = {isa = PBXBuildFile; fileRef = F18F892424E9744A00EEEF00 /* locations.json */; };
		F18F892724E974BB00EEEF00 /* ConstantsTests.swift in Sources */ = {isa = PBXBuildFile; fileRef = F18F892624E974BB00EEEF00 /* ConstantsTests.swift */; };
		F18F892924E974FE00EEEF00 /* WunderDemoTests.swift in Sources */ = {isa = PBXBuildFile; fileRef = F18F892824E974FE00EEEF00 /* WunderDemoTests.swift */; };
		F18F892B24E9754500EEEF00 /* TestHelper.swift in Sources */ = {isa = PBXBuildFile; fileRef = F18F892A24E9754500EEEF00 /* TestHelper.swift */; };
/* End PBXBuildFile section */

/* Begin PBXContainerItemProxy section */
		F11485C624E862EA00F3F48F /* PBXContainerItemProxy */ = {
			isa = PBXContainerItemProxy;
			containerPortal = F11485A724E862E900F3F48F /* Project object */;
			proxyType = 1;
			remoteGlobalIDString = F11485AE24E862E900F3F48F;
			remoteInfo = WunderDemo;
		};
		F11485D124E862EA00F3F48F /* PBXContainerItemProxy */ = {
			isa = PBXContainerItemProxy;
			containerPortal = F11485A724E862E900F3F48F /* Project object */;
			proxyType = 1;
			remoteGlobalIDString = F11485AE24E862E900F3F48F;
			remoteInfo = WunderDemo;
		};
/* End PBXContainerItemProxy section */

/* Begin PBXCopyFilesBuildPhase section */
		F18DD04524E9905600AD08A8 /* Embed Frameworks */ = {
			isa = PBXCopyFilesBuildPhase;
			buildActionMask = 2147483647;
			dstPath = "";
			dstSubfolderSpec = 10;
			files = (
				F18DD04424E9905600AD08A8 /* Pods_WunderDemo.framework in Embed Frameworks */,
			);
			name = "Embed Frameworks";
			runOnlyForDeploymentPostprocessing = 0;
		};
/* End PBXCopyFilesBuildPhase section */

/* Begin PBXFileReference section */
		220F6D834AC07FFED4100EF1 /* Pods_WunderDemoUITests.framework */ = {isa = PBXFileReference; explicitFileType = wrapper.framework; includeInIndex = 0; path = Pods_WunderDemoUITests.framework; sourceTree = BUILT_PRODUCTS_DIR; };
		46829E0E0D8EFCA69B364A53 /* Pods_WunderDemoTests.framework */ = {isa = PBXFileReference; explicitFileType = wrapper.framework; includeInIndex = 0; path = Pods_WunderDemoTests.framework; sourceTree = BUILT_PRODUCTS_DIR; };
		931F4CD1B6C2671AA90531DA /* Pods_WunderDemo.framework */ = {isa = PBXFileReference; explicitFileType = wrapper.framework; includeInIndex = 0; path = Pods_WunderDemo.framework; sourceTree = BUILT_PRODUCTS_DIR; };
		9402A2E7B20C7181FBBBD4A9 /* Pods-WunderDemoUITests.release.xcconfig */ = {isa = PBXFileReference; includeInIndex = 1; lastKnownFileType = text.xcconfig; name = "Pods-WunderDemoUITests.release.xcconfig"; path = "Pods/Target Support Files/Pods-WunderDemoUITests/Pods-WunderDemoUITests.release.xcconfig"; sourceTree = "<group>"; };
		96E42B463D88DD961CACFAB1 /* Pods-WunderDemoTests.release.xcconfig */ = {isa = PBXFileReference; includeInIndex = 1; lastKnownFileType = text.xcconfig; name = "Pods-WunderDemoTests.release.xcconfig"; path = "Pods/Target Support Files/Pods-WunderDemoTests/Pods-WunderDemoTests.release.xcconfig"; sourceTree = "<group>"; };
		9D17089B17720A4B9D1EE1E4 /* Pods-WunderDemoUITests.debug.xcconfig */ = {isa = PBXFileReference; includeInIndex = 1; lastKnownFileType = text.xcconfig; name = "Pods-WunderDemoUITests.debug.xcconfig"; path = "Pods/Target Support Files/Pods-WunderDemoUITests/Pods-WunderDemoUITests.debug.xcconfig"; sourceTree = "<group>"; };
		BF727DE342BD33F062D132A5 /* Pods-WunderDemo.release.xcconfig */ = {isa = PBXFileReference; includeInIndex = 1; lastKnownFileType = text.xcconfig; name = "Pods-WunderDemo.release.xcconfig"; path = "Pods/Target Support Files/Pods-WunderDemo/Pods-WunderDemo.release.xcconfig"; sourceTree = "<group>"; };
		C16DE8EFFE176E6B1A38EEDE /* Pods-WunderDemo.debug.xcconfig */ = {isa = PBXFileReference; includeInIndex = 1; lastKnownFileType = text.xcconfig; name = "Pods-WunderDemo.debug.xcconfig"; path = "Pods/Target Support Files/Pods-WunderDemo/Pods-WunderDemo.debug.xcconfig"; sourceTree = "<group>"; };
		CFF1F6654E59B06DF8125732 /* Pods-WunderDemoTests.debug.xcconfig */ = {isa = PBXFileReference; includeInIndex = 1; lastKnownFileType = text.xcconfig; name = "Pods-WunderDemoTests.debug.xcconfig"; path = "Pods/Target Support Files/Pods-WunderDemoTests/Pods-WunderDemoTests.debug.xcconfig"; sourceTree = "<group>"; };
		F11485AF24E862E900F3F48F /* WunderDemo.app */ = {isa = PBXFileReference; explicitFileType = wrapper.application; includeInIndex = 0; path = WunderDemo.app; sourceTree = BUILT_PRODUCTS_DIR; };
		F11485B224E862E900F3F48F /* AppDelegate.swift */ = {isa = PBXFileReference; lastKnownFileType = sourcecode.swift; path = AppDelegate.swift; sourceTree = "<group>"; };
		F11485B424E862E900F3F48F /* SceneDelegate.swift */ = {isa = PBXFileReference; lastKnownFileType = sourcecode.swift; path = SceneDelegate.swift; sourceTree = "<group>"; };
		F11485B624E862E900F3F48F /* BaseViewController.swift */ = {isa = PBXFileReference; lastKnownFileType = sourcecode.swift; path = BaseViewController.swift; sourceTree = "<group>"; };
		F11485B924E862E900F3F48F /* Base */ = {isa = PBXFileReference; lastKnownFileType = file.storyboard; name = Base; path = Base.lproj/Main.storyboard; sourceTree = "<group>"; };
		F11485BB24E862EA00F3F48F /* Assets.xcassets */ = {isa = PBXFileReference; lastKnownFileType = folder.assetcatalog; path = Assets.xcassets; sourceTree = "<group>"; };
		F11485BE24E862EA00F3F48F /* Base */ = {isa = PBXFileReference; lastKnownFileType = file.storyboard; name = Base; path = Base.lproj/LaunchScreen.storyboard; sourceTree = "<group>"; };
		F11485C024E862EA00F3F48F /* Info.plist */ = {isa = PBXFileReference; lastKnownFileType = text.plist.xml; path = Info.plist; sourceTree = "<group>"; };
		F11485C524E862EA00F3F48F /* WunderDemoTests.xctest */ = {isa = PBXFileReference; explicitFileType = wrapper.cfbundle; includeInIndex = 0; path = WunderDemoTests.xctest; sourceTree = BUILT_PRODUCTS_DIR; };
		F11485CB24E862EA00F3F48F /* Info.plist */ = {isa = PBXFileReference; lastKnownFileType = text.plist.xml; path = Info.plist; sourceTree = "<group>"; };
		F11485D024E862EA00F3F48F /* WunderDemoUITests.xctest */ = {isa = PBXFileReference; explicitFileType = wrapper.cfbundle; includeInIndex = 0; path = WunderDemoUITests.xctest; sourceTree = BUILT_PRODUCTS_DIR; };
		F11485D424E862EA00F3F48F /* WunderDemoUITests.swift */ = {isa = PBXFileReference; lastKnownFileType = sourcecode.swift; path = WunderDemoUITests.swift; sourceTree = "<group>"; };
		F11485D624E862EA00F3F48F /* Info.plist */ = {isa = PBXFileReference; lastKnownFileType = text.plist.xml; path = Info.plist; sourceTree = "<group>"; };
		F150196F24E8973B00F4B842 /* TabBarViewController.swift */ = {isa = PBXFileReference; lastKnownFileType = sourcecode.swift; path = TabBarViewController.swift; sourceTree = "<group>"; };
		F150197224E897BB00F4B842 /* CarTabViewController.swift */ = {isa = PBXFileReference; lastKnownFileType = sourcecode.swift; path = CarTabViewController.swift; sourceTree = "<group>"; };
		F150197524E8988300F4B842 /* CarInfoTableViewCell.swift */ = {isa = PBXFileReference; lastKnownFileType = sourcecode.swift; path = CarInfoTableViewCell.swift; sourceTree = "<group>"; };
		F150197724E8A62D00F4B842 /* CarTableViewDataSource.swift */ = {isa = PBXFileReference; lastKnownFileType = sourcecode.swift; path = CarTableViewDataSource.swift; sourceTree = "<group>"; };
		F150197924E8A68400F4B842 /* PlacemarkResponse.swift */ = {isa = PBXFileReference; lastKnownFileType = sourcecode.swift; path = PlacemarkResponse.swift; sourceTree = "<group>"; };
		F150197B24E8A69800F4B842 /* Placemark.swift */ = {isa = PBXFileReference; lastKnownFileType = sourcecode.swift; path = Placemark.swift; sourceTree = "<group>"; };
		F150197E24E8A7A300F4B842 /* API.swift */ = {isa = PBXFileReference; lastKnownFileType = sourcecode.swift; path = API.swift; sourceTree = "<group>"; };
		F150198024E8A7C800F4B842 /* IntExtensions.swift */ = {isa = PBXFileReference; lastKnownFileType = sourcecode.swift; path = IntExtensions.swift; sourceTree = "<group>"; };
		F150198224E8A7E700F4B842 /* AppUtils.swift */ = {isa = PBXFileReference; lastKnownFileType = sourcecode.swift; path = AppUtils.swift; sourceTree = "<group>"; };
		F150198524E8AB0100F4B842 /* PlaceMarkInteractor.swift */ = {isa = PBXFileReference; lastKnownFileType = sourcecode.swift; path = PlaceMarkInteractor.swift; sourceTree = "<group>"; };
		F150198724E8AB1B00F4B842 /* PlaceMarkInteractorInput.swift */ = {isa = PBXFileReference; lastKnownFileType = sourcecode.swift; path = PlaceMarkInteractorInput.swift; sourceTree = "<group>"; };
		F150198924E8AB3600F4B842 /* PlaceMarkInteractorOutput.swift */ = {isa = PBXFileReference; lastKnownFileType = sourcecode.swift; path = PlaceMarkInteractorOutput.swift; sourceTree = "<group>"; };
		F150198B24E8AB5100F4B842 /* PlaceMarkPresenter.swift */ = {isa = PBXFileReference; lastKnownFileType = sourcecode.swift; path = PlaceMarkPresenter.swift; sourceTree = "<group>"; };
		F150198D24E8AB6600F4B842 /* PlaceMarkTabPresenterInput.swift */ = {isa = PBXFileReference; lastKnownFileType = sourcecode.swift; path = PlaceMarkTabPresenterInput.swift; sourceTree = "<group>"; };
		F150198F24E8AB8100F4B842 /* PlaceMarkTabViewInput.swift */ = {isa = PBXFileReference; lastKnownFileType = sourcecode.swift; path = PlaceMarkTabViewInput.swift; sourceTree = "<group>"; };
		F150199324E8AC0C00F4B842 /* AlamofireDataRequestExtensions.swift */ = {isa = PBXFileReference; lastKnownFileType = sourcecode.swift; path = AlamofireDataRequestExtensions.swift; sourceTree = "<group>"; };
		F150199524E8AC2900F4B842 /* BaseMappableNetworkRequest.swift */ = {isa = PBXFileReference; lastKnownFileType = sourcecode.swift; path = BaseMappableNetworkRequest.swift; sourceTree = "<group>"; };
		F150199724E8AC4800F4B842 /* BaseNetworkRequest.swift */ = {isa = PBXFileReference; lastKnownFileType = sourcecode.swift; path = BaseNetworkRequest.swift; sourceTree = "<group>"; };
		F150199924E8AC6B00F4B842 /* PlacemarkListService.swift */ = {isa = PBXFileReference; lastKnownFileType = sourcecode.swift; path = PlacemarkListService.swift; sourceTree = "<group>"; };
		F150199B24E8B17900F4B842 /* MapTabViewController.swift */ = {isa = PBXFileReference; lastKnownFileType = sourcecode.swift; path = MapTabViewController.swift; sourceTree = "<group>"; };
		F150199D24E8B1D700F4B842 /* UIViewExtensiosn.swift */ = {isa = PBXFileReference; lastKnownFileType = sourcecode.swift; path = UIViewExtensiosn.swift; sourceTree = "<group>"; };
		F17FBAB524E8C2F7002C2D43 /* Localization.strings */ = {isa = PBXFileReference; lastKnownFileType = text.plist.strings; path = Localization.strings; sourceTree = "<group>"; };
		F18F891C24E9735600EEEF00 /* CarInfoTableViewCellTests.swift */ = {isa = PBXFileReference; lastKnownFileType = sourcecode.swift; path = CarInfoTableViewCellTests.swift; sourceTree = "<group>"; };
		F18F891E24E973C200EEEF00 /* MapTabViewControllerTests.swift */ = {isa = PBXFileReference; lastKnownFileType = sourcecode.swift; path = MapTabViewControllerTests.swift; sourceTree = "<group>"; };
		F18F892224E9741900EEEF00 /* PlacemarkResponseTests.swift */ = {isa = PBXFileReference; lastKnownFileType = sourcecode.swift; path = PlacemarkResponseTests.swift; sourceTree = "<group>"; };
		F18F892424E9744A00EEEF00 /* locations.json */ = {isa = PBXFileReference; lastKnownFileType = text.json; path = locations.json; sourceTree = "<group>"; };
		F18F892624E974BB00EEEF00 /* ConstantsTests.swift */ = {isa = PBXFileReference; lastKnownFileType = sourcecode.swift; path = ConstantsTests.swift; sourceTree = "<group>"; };
		F18F892824E974FE00EEEF00 /* WunderDemoTests.swift */ = {isa = PBXFileReference; lastKnownFileType = sourcecode.swift; path = WunderDemoTests.swift; sourceTree = "<group>"; };
		F18F892A24E9754500EEEF00 /* TestHelper.swift */ = {isa = PBXFileReference; lastKnownFileType = sourcecode.swift; path = TestHelper.swift; sourceTree = "<group>"; };
/* End PBXFileReference section */

/* Begin PBXFrameworksBuildPhase section */
		F11485AC24E862E900F3F48F /* Frameworks */ = {
			isa = PBXFrameworksBuildPhase;
			buildActionMask = 2147483647;
			files = (
				F18DD04324E9905600AD08A8 /* Pods_WunderDemo.framework in Frameworks */,
			);
			runOnlyForDeploymentPostprocessing = 0;
		};
		F11485C224E862EA00F3F48F /* Frameworks */ = {
			isa = PBXFrameworksBuildPhase;
			buildActionMask = 2147483647;
			files = (
				CB6DD39A4033A8323E1D1E04 /* Pods_WunderDemoTests.framework in Frameworks */,
			);
			runOnlyForDeploymentPostprocessing = 0;
		};
		F11485CD24E862EA00F3F48F /* Frameworks */ = {
			isa = PBXFrameworksBuildPhase;
			buildActionMask = 2147483647;
			files = (
				861CE41412E67E7C51A7613A /* Pods_WunderDemoUITests.framework in Frameworks */,
			);
			runOnlyForDeploymentPostprocessing = 0;
		};
/* End PBXFrameworksBuildPhase section */

/* Begin PBXGroup section */
		3A154D3734130D72A1724E50 /* Frameworks */ = {
			isa = PBXGroup;
			children = (
				931F4CD1B6C2671AA90531DA /* Pods_WunderDemo.framework */,
				46829E0E0D8EFCA69B364A53 /* Pods_WunderDemoTests.framework */,
				220F6D834AC07FFED4100EF1 /* Pods_WunderDemoUITests.framework */,
			);
			name = Frameworks;
			sourceTree = "<group>";
		};
		554A92F8E5E4C2F59CBBF8F6 /* Pods */ = {
			isa = PBXGroup;
			children = (
				C16DE8EFFE176E6B1A38EEDE /* Pods-WunderDemo.debug.xcconfig */,
				BF727DE342BD33F062D132A5 /* Pods-WunderDemo.release.xcconfig */,
				CFF1F6654E59B06DF8125732 /* Pods-WunderDemoTests.debug.xcconfig */,
				96E42B463D88DD961CACFAB1 /* Pods-WunderDemoTests.release.xcconfig */,
				9D17089B17720A4B9D1EE1E4 /* Pods-WunderDemoUITests.debug.xcconfig */,
				9402A2E7B20C7181FBBBD4A9 /* Pods-WunderDemoUITests.release.xcconfig */,
			);
			name = Pods;
			sourceTree = "<group>";
		};
		F11485A624E862E900F3F48F = {
			isa = PBXGroup;
			children = (
				F11485B124E862E900F3F48F /* WunderDemo */,
				F11485C824E862EA00F3F48F /* WunderDemoTests */,
				F11485D324E862EA00F3F48F /* WunderDemoUITests */,
				F11485B024E862E900F3F48F /* Products */,
				554A92F8E5E4C2F59CBBF8F6 /* Pods */,
				3A154D3734130D72A1724E50 /* Frameworks */,
			);
			sourceTree = "<group>";
		};
		F11485B024E862E900F3F48F /* Products */ = {
			isa = PBXGroup;
			children = (
				F11485AF24E862E900F3F48F /* WunderDemo.app */,
				F11485C524E862EA00F3F48F /* WunderDemoTests.xctest */,
				F11485D024E862EA00F3F48F /* WunderDemoUITests.xctest */,
			);
			name = Products;
			sourceTree = "<group>";
		};
		F11485B124E862E900F3F48F /* WunderDemo */ = {
			isa = PBXGroup;
			children = (
				F17FBAB424E8C27E002C2D43 /* Resources */,
				F150197D24E8A75800F4B842 /* Utils */,
				F150199124E8ABDE00F4B842 /* Network */,
				F11485E424E87B9800F3F48F /* Model */,
				F11485E324E87B8C00F3F48F /* UI */,
				F11485B224E862E900F3F48F /* AppDelegate.swift */,
				F11485B424E862E900F3F48F /* SceneDelegate.swift */,
				F11485BB24E862EA00F3F48F /* Assets.xcassets */,
				F11485BD24E862EA00F3F48F /* LaunchScreen.storyboard */,
				F11485C024E862EA00F3F48F /* Info.plist */,
			);
			path = WunderDemo;
			sourceTree = "<group>";
		};
		F11485C824E862EA00F3F48F /* WunderDemoTests */ = {
			isa = PBXGroup;
			children = (
				F18F891B24E9703F00EEEF00 /* UI */,
				F18F892024E973F400EEEF00 /* Models */,
				F18F892124E9740300EEEF00 /* Utils */,
				F18F892824E974FE00EEEF00 /* WunderDemoTests.swift */,
				F11485CB24E862EA00F3F48F /* Info.plist */,
				F18F892A24E9754500EEEF00 /* TestHelper.swift */,
			);
			path = WunderDemoTests;
			sourceTree = "<group>";
		};
		F11485D324E862EA00F3F48F /* WunderDemoUITests */ = {
			isa = PBXGroup;
			children = (
				F11485D424E862EA00F3F48F /* WunderDemoUITests.swift */,
				F11485D624E862EA00F3F48F /* Info.plist */,
			);
			path = WunderDemoUITests;
			sourceTree = "<group>";
		};
		F11485E324E87B8C00F3F48F /* UI */ = {
			isa = PBXGroup;
			children = (
				F150198424E8A8DD00F4B842 /* Viper Compnents */,
				F17FBAB724E8C3B6002C2D43 /* Cells */,
				F17FBAB824E8C3BE002C2D43 /* Base */,
				F150197424E8986800F4B842 /* MapTab */,
				F150197124E897A100F4B842 /* CarTab */,
				F17FBAB924E8C3FC002C2D43 /* Tabs */,
			);
			path = UI;
			sourceTree = "<group>";
		};
		F11485E424E87B9800F3F48F /* Model */ = {
			isa = PBXGroup;
			children = (
				F150197924E8A68400F4B842 /* PlacemarkResponse.swift */,
				F150197B24E8A69800F4B842 /* Placemark.swift */,
			);
			path = Model;
			sourceTree = "<group>";
		};
		F150197124E897A100F4B842 /* CarTab */ = {
			isa = PBXGroup;
			children = (
				F150197224E897BB00F4B842 /* CarTabViewController.swift */,
				F150197724E8A62D00F4B842 /* CarTableViewDataSource.swift */,
			);
			path = CarTab;
			sourceTree = "<group>";
		};
		F150197424E8986800F4B842 /* MapTab */ = {
			isa = PBXGroup;
			children = (
				F150199B24E8B17900F4B842 /* MapTabViewController.swift */,
			);
			path = MapTab;
			sourceTree = "<group>";
		};
		F150197D24E8A75800F4B842 /* Utils */ = {
			isa = PBXGroup;
			children = (
				F150197E24E8A7A300F4B842 /* API.swift */,
				F150198024E8A7C800F4B842 /* IntExtensions.swift */,
				F150198224E8A7E700F4B842 /* AppUtils.swift */,
				F150199D24E8B1D700F4B842 /* UIViewExtensiosn.swift */,
			);
			path = Utils;
			sourceTree = "<group>";
		};
		F150198424E8A8DD00F4B842 /* Viper Compnents */ = {
			isa = PBXGroup;
			children = (
				F150198524E8AB0100F4B842 /* PlaceMarkInteractor.swift */,
				F150198724E8AB1B00F4B842 /* PlaceMarkInteractorInput.swift */,
				F150198924E8AB3600F4B842 /* PlaceMarkInteractorOutput.swift */,
				F150198B24E8AB5100F4B842 /* PlaceMarkPresenter.swift */,
				F150198D24E8AB6600F4B842 /* PlaceMarkTabPresenterInput.swift */,
				F150198F24E8AB8100F4B842 /* PlaceMarkTabViewInput.swift */,
			);
			path = "Viper Compnents";
			sourceTree = "<group>";
		};
		F150199124E8ABDE00F4B842 /* Network */ = {
			isa = PBXGroup;
			children = (
				F150199224E8ABF600F4B842 /* Base */,
				F150199924E8AC6B00F4B842 /* PlacemarkListService.swift */,
			);
			path = Network;
			sourceTree = "<group>";
		};
		F150199224E8ABF600F4B842 /* Base */ = {
			isa = PBXGroup;
			children = (
				F150199324E8AC0C00F4B842 /* AlamofireDataRequestExtensions.swift */,
				F150199524E8AC2900F4B842 /* BaseMappableNetworkRequest.swift */,
				F150199724E8AC4800F4B842 /* BaseNetworkRequest.swift */,
			);
			path = Base;
			sourceTree = "<group>";
		};
		F17FBAB424E8C27E002C2D43 /* Resources */ = {
			isa = PBXGroup;
			children = (
				F17FBAB524E8C2F7002C2D43 /* Localization.strings */,
			);
			path = Resources;
			sourceTree = "<group>";
		};
		F17FBAB724E8C3B6002C2D43 /* Cells */ = {
			isa = PBXGroup;
			children = (
				F150197524E8988300F4B842 /* CarInfoTableViewCell.swift */,
			);
			path = Cells;
			sourceTree = "<group>";
		};
		F17FBAB824E8C3BE002C2D43 /* Base */ = {
			isa = PBXGroup;
			children = (
				F11485B624E862E900F3F48F /* BaseViewController.swift */,
			);
			path = Base;
			sourceTree = "<group>";
		};
		F17FBAB924E8C3FC002C2D43 /* Tabs */ = {
			isa = PBXGroup;
			children = (
				F150196F24E8973B00F4B842 /* TabBarViewController.swift */,
				F11485B824E862E900F3F48F /* Main.storyboard */,
			);
			path = Tabs;
			sourceTree = "<group>";
		};
		F18F891624E95EBE00EEEF00 /* Cell */ = {
			isa = PBXGroup;
			children = (
				F18F891C24E9735600EEEF00 /* CarInfoTableViewCellTests.swift */,
			);
			path = Cell;
			sourceTree = "<group>";
		};
		F18F891B24E9703F00EEEF00 /* UI */ = {
			isa = PBXGroup;
			children = (
				F18F891624E95EBE00EEEF00 /* Cell */,
				F18F891E24E973C200EEEF00 /* MapTabViewControllerTests.swift */,
			);
			path = UI;
			sourceTree = "<group>";
		};
		F18F892024E973F400EEEF00 /* Models */ = {
			isa = PBXGroup;
			children = (
				F18F892224E9741900EEEF00 /* PlacemarkResponseTests.swift */,
				F18F892424E9744A00EEEF00 /* locations.json */,
			);
			path = Models;
			sourceTree = "<group>";
		};
		F18F892124E9740300EEEF00 /* Utils */ = {
			isa = PBXGroup;
			children = (
				F18F892624E974BB00EEEF00 /* ConstantsTests.swift */,
			);
			path = Utils;
			sourceTree = "<group>";
		};
/* End PBXGroup section */

/* Begin PBXNativeTarget section */
		F11485AE24E862E900F3F48F /* WunderDemo */ = {
			isa = PBXNativeTarget;
			buildConfigurationList = F11485D924E862EA00F3F48F /* Build configuration list for PBXNativeTarget "WunderDemo" */;
			buildPhases = (
				3E07C3D6C2383E94605D70D8 /* [CP] Check Pods Manifest.lock */,
				F11485AB24E862E900F3F48F /* Sources */,
				F11485AC24E862E900F3F48F /* Frameworks */,
				F11485AD24E862E900F3F48F /* Resources */,
				BF8D6ED46BAF4660061E1616 /* [CP] Embed Pods Frameworks */,
				F18DD04524E9905600AD08A8 /* Embed Frameworks */,
			);
			buildRules = (
			);
			dependencies = (
			);
			name = WunderDemo;
			productName = WunderDemo;
			productReference = F11485AF24E862E900F3F48F /* WunderDemo.app */;
			productType = "com.apple.product-type.application";
		};
		F11485C424E862EA00F3F48F /* WunderDemoTests */ = {
			isa = PBXNativeTarget;
			buildConfigurationList = F11485DC24E862EA00F3F48F /* Build configuration list for PBXNativeTarget "WunderDemoTests" */;
			buildPhases = (
				46211BF578F141AFCF9F1113 /* [CP] Check Pods Manifest.lock */,
				F11485C124E862EA00F3F48F /* Sources */,
				F11485C224E862EA00F3F48F /* Frameworks */,
				F11485C324E862EA00F3F48F /* Resources */,
			);
			buildRules = (
			);
			dependencies = (
				F11485C724E862EA00F3F48F /* PBXTargetDependency */,
			);
			name = WunderDemoTests;
			productName = WunderDemoTests;
			productReference = F11485C524E862EA00F3F48F /* WunderDemoTests.xctest */;
			productType = "com.apple.product-type.bundle.unit-test";
		};
		F11485CF24E862EA00F3F48F /* WunderDemoUITests */ = {
			isa = PBXNativeTarget;
			buildConfigurationList = F11485DF24E862EA00F3F48F /* Build configuration list for PBXNativeTarget "WunderDemoUITests" */;
			buildPhases = (
				65E89A7D0C30DC1659DB6713 /* [CP] Check Pods Manifest.lock */,
				F11485CC24E862EA00F3F48F /* Sources */,
				F11485CD24E862EA00F3F48F /* Frameworks */,
				F11485CE24E862EA00F3F48F /* Resources */,
			);
			buildRules = (
			);
			dependencies = (
				F11485D224E862EA00F3F48F /* PBXTargetDependency */,
			);
			name = WunderDemoUITests;
			productName = WunderDemoUITests;
			productReference = F11485D024E862EA00F3F48F /* WunderDemoUITests.xctest */;
			productType = "com.apple.product-type.bundle.ui-testing";
		};
/* End PBXNativeTarget section */

/* Begin PBXProject section */
		F11485A724E862E900F3F48F /* Project object */ = {
			isa = PBXProject;
			attributes = {
				LastSwiftUpdateCheck = 1160;
				LastUpgradeCheck = 1160;
				ORGANIZATIONNAME = "Puneet Mahali";
				TargetAttributes = {
					F11485AE24E862E900F3F48F = {
						CreatedOnToolsVersion = 11.6;
					};
					F11485C424E862EA00F3F48F = {
						CreatedOnToolsVersion = 11.6;
						LastSwiftMigration = 1160;
						TestTargetID = F11485AE24E862E900F3F48F;
					};
					F11485CF24E862EA00F3F48F = {
						CreatedOnToolsVersion = 11.6;
						TestTargetID = F11485AE24E862E900F3F48F;
					};
				};
			};
			buildConfigurationList = F11485AA24E862E900F3F48F /* Build configuration list for PBXProject "WunderDemo" */;
			compatibilityVersion = "Xcode 9.3";
			developmentRegion = en;
			hasScannedForEncodings = 0;
			knownRegions = (
				en,
				Base,
			);
			mainGroup = F11485A624E862E900F3F48F;
			productRefGroup = F11485B024E862E900F3F48F /* Products */;
			projectDirPath = "";
			projectRoot = "";
			targets = (
				F11485AE24E862E900F3F48F /* WunderDemo */,
				F11485C424E862EA00F3F48F /* WunderDemoTests */,
				F11485CF24E862EA00F3F48F /* WunderDemoUITests */,
			);
		};
/* End PBXProject section */

/* Begin PBXResourcesBuildPhase section */
		F11485AD24E862E900F3F48F /* Resources */ = {
			isa = PBXResourcesBuildPhase;
			buildActionMask = 2147483647;
			files = (
				F11485BF24E862EA00F3F48F /* LaunchScreen.storyboard in Resources */,
				F17FBAB624E8C2F7002C2D43 /* Localization.strings in Resources */,
				F11485BC24E862EA00F3F48F /* Assets.xcassets in Resources */,
				F11485BA24E862E900F3F48F /* Main.storyboard in Resources */,
			);
			runOnlyForDeploymentPostprocessing = 0;
		};
		F11485C324E862EA00F3F48F /* Resources */ = {
			isa = PBXResourcesBuildPhase;
			buildActionMask = 2147483647;
			files = (
				F18F892524E9744A00EEEF00 /* locations.json in Resources */,
			);
			runOnlyForDeploymentPostprocessing = 0;
		};
		F11485CE24E862EA00F3F48F /* Resources */ = {
			isa = PBXResourcesBuildPhase;
			buildActionMask = 2147483647;
			files = (
			);
			runOnlyForDeploymentPostprocessing = 0;
		};
/* End PBXResourcesBuildPhase section */

/* Begin PBXShellScriptBuildPhase section */
		3E07C3D6C2383E94605D70D8 /* [CP] Check Pods Manifest.lock */ = {
			isa = PBXShellScriptBuildPhase;
			buildActionMask = 2147483647;
			files = (
			);
			inputPaths = (
				"${PODS_PODFILE_DIR_PATH}/Podfile.lock",
				"${PODS_ROOT}/Manifest.lock",
			);
			name = "[CP] Check Pods Manifest.lock";
			outputPaths = (
				"$(DERIVED_FILE_DIR)/Pods-WunderDemo-checkManifestLockResult.txt",
			);
			runOnlyForDeploymentPostprocessing = 0;
			shellPath = /bin/sh;
			shellScript = "diff \"${PODS_PODFILE_DIR_PATH}/Podfile.lock\" \"${PODS_ROOT}/Manifest.lock\" > /dev/null\nif [ $? != 0 ] ; then\n    # print error to STDERR\n    echo \"error: The sandbox is not in sync with the Podfile.lock. Run 'pod install' or update your CocoaPods installation.\" >&2\n    exit 1\nfi\n# This output is used by Xcode 'outputs' to avoid re-running this script phase.\necho \"SUCCESS\" > \"${SCRIPT_OUTPUT_FILE_0}\"\n";
			showEnvVarsInLog = 0;
		};
		46211BF578F141AFCF9F1113 /* [CP] Check Pods Manifest.lock */ = {
			isa = PBXShellScriptBuildPhase;
			buildActionMask = 2147483647;
			files = (
			);
			inputPaths = (
				"${PODS_PODFILE_DIR_PATH}/Podfile.lock",
				"${PODS_ROOT}/Manifest.lock",
			);
			name = "[CP] Check Pods Manifest.lock";
			outputPaths = (
				"$(DERIVED_FILE_DIR)/Pods-WunderDemoTests-checkManifestLockResult.txt",
			);
			runOnlyForDeploymentPostprocessing = 0;
			shellPath = /bin/sh;
			shellScript = "diff \"${PODS_PODFILE_DIR_PATH}/Podfile.lock\" \"${PODS_ROOT}/Manifest.lock\" > /dev/null\nif [ $? != 0 ] ; then\n    # print error to STDERR\n    echo \"error: The sandbox is not in sync with the Podfile.lock. Run 'pod install' or update your CocoaPods installation.\" >&2\n    exit 1\nfi\n# This output is used by Xcode 'outputs' to avoid re-running this script phase.\necho \"SUCCESS\" > \"${SCRIPT_OUTPUT_FILE_0}\"\n";
			showEnvVarsInLog = 0;
		};
		65E89A7D0C30DC1659DB6713 /* [CP] Check Pods Manifest.lock */ = {
			isa = PBXShellScriptBuildPhase;
			buildActionMask = 2147483647;
			files = (
			);
			inputPaths = (
				"${PODS_PODFILE_DIR_PATH}/Podfile.lock",
				"${PODS_ROOT}/Manifest.lock",
			);
			name = "[CP] Check Pods Manifest.lock";
			outputPaths = (
				"$(DERIVED_FILE_DIR)/Pods-WunderDemoUITests-checkManifestLockResult.txt",
			);
			runOnlyForDeploymentPostprocessing = 0;
			shellPath = /bin/sh;
			shellScript = "diff \"${PODS_PODFILE_DIR_PATH}/Podfile.lock\" \"${PODS_ROOT}/Manifest.lock\" > /dev/null\nif [ $? != 0 ] ; then\n    # print error to STDERR\n    echo \"error: The sandbox is not in sync with the Podfile.lock. Run 'pod install' or update your CocoaPods installation.\" >&2\n    exit 1\nfi\n# This output is used by Xcode 'outputs' to avoid re-running this script phase.\necho \"SUCCESS\" > \"${SCRIPT_OUTPUT_FILE_0}\"\n";
			showEnvVarsInLog = 0;
		};
		BF8D6ED46BAF4660061E1616 /* [CP] Embed Pods Frameworks */ = {
			isa = PBXShellScriptBuildPhase;
			buildActionMask = 2147483647;
			files = (
			);
			inputPaths = (
				"${SRCROOT}/Pods/Target Support Files/Pods-WunderDemo/Pods-WunderDemo-frameworks.sh",
				"${BUILT_PRODUCTS_DIR}/Alamofire/Alamofire.framework",
				"${BUILT_PRODUCTS_DIR}/AlamofireObjectMapper/AlamofireObjectMapper.framework",
				"${BUILT_PRODUCTS_DIR}/Localize-Swift/Localize_Swift.framework",
				"${BUILT_PRODUCTS_DIR}/Nimble/Nimble.framework",
				"${BUILT_PRODUCTS_DIR}/ObjectMapper/ObjectMapper.framework",
				"${BUILT_PRODUCTS_DIR}/Quick/Quick.framework",
				"${BUILT_PRODUCTS_DIR}/RxAlamofire/RxAlamofire.framework",
				"${BUILT_PRODUCTS_DIR}/RxCocoa/RxCocoa.framework",
				"${BUILT_PRODUCTS_DIR}/RxRelay/RxRelay.framework",
				"${BUILT_PRODUCTS_DIR}/RxSwift/RxSwift.framework",
			);
			name = "[CP] Embed Pods Frameworks";
			outputPaths = (
				"${TARGET_BUILD_DIR}/${FRAMEWORKS_FOLDER_PATH}/Alamofire.framework",
				"${TARGET_BUILD_DIR}/${FRAMEWORKS_FOLDER_PATH}/AlamofireObjectMapper.framework",
				"${TARGET_BUILD_DIR}/${FRAMEWORKS_FOLDER_PATH}/Localize_Swift.framework",
				"${TARGET_BUILD_DIR}/${FRAMEWORKS_FOLDER_PATH}/Nimble.framework",
				"${TARGET_BUILD_DIR}/${FRAMEWORKS_FOLDER_PATH}/ObjectMapper.framework",
				"${TARGET_BUILD_DIR}/${FRAMEWORKS_FOLDER_PATH}/Quick.framework",
				"${TARGET_BUILD_DIR}/${FRAMEWORKS_FOLDER_PATH}/RxAlamofire.framework",
				"${TARGET_BUILD_DIR}/${FRAMEWORKS_FOLDER_PATH}/RxCocoa.framework",
				"${TARGET_BUILD_DIR}/${FRAMEWORKS_FOLDER_PATH}/RxRelay.framework",
				"${TARGET_BUILD_DIR}/${FRAMEWORKS_FOLDER_PATH}/RxSwift.framework",
			);
			runOnlyForDeploymentPostprocessing = 0;
			shellPath = /bin/sh;
			shellScript = "\"${SRCROOT}/Pods/Target Support Files/Pods-WunderDemo/Pods-WunderDemo-frameworks.sh\"\n";
			showEnvVarsInLog = 0;
		};
/* End PBXShellScriptBuildPhase section */

/* Begin PBXSourcesBuildPhase section */
		F11485AB24E862E900F3F48F /* Sources */ = {
			isa = PBXSourcesBuildPhase;
			buildActionMask = 2147483647;
			files = (
				F150198E24E8AB6600F4B842 /* PlaceMarkTabPresenterInput.swift in Sources */,
				F150197024E8973B00F4B842 /* TabBarViewController.swift in Sources */,
				F150198A24E8AB3600F4B842 /* PlaceMarkInteractorOutput.swift in Sources */,
				F150197A24E8A68400F4B842 /* PlacemarkResponse.swift in Sources */,
				F150197824E8A62D00F4B842 /* CarTableViewDataSource.swift in Sources */,
				F150198324E8A7E700F4B842 /* AppUtils.swift in Sources */,
				F150197324E897BB00F4B842 /* CarTabViewController.swift in Sources */,
				F150198124E8A7C800F4B842 /* IntExtensions.swift in Sources */,
				F150199024E8AB8100F4B842 /* PlaceMarkTabViewInput.swift in Sources */,
				F150198624E8AB0100F4B842 /* PlaceMarkInteractor.swift in Sources */,
				F150197F24E8A7A400F4B842 /* API.swift in Sources */,
				F150197C24E8A69800F4B842 /* Placemark.swift in Sources */,
				F11485B724E862E900F3F48F /* BaseViewController.swift in Sources */,
				F150198C24E8AB5100F4B842 /* PlaceMarkPresenter.swift in Sources */,
				F150199624E8AC2900F4B842 /* BaseMappableNetworkRequest.swift in Sources */,
				F150199424E8AC0C00F4B842 /* AlamofireDataRequestExtensions.swift in Sources */,
				F150199A24E8AC6B00F4B842 /* PlacemarkListService.swift in Sources */,
				F150198824E8AB1B00F4B842 /* PlaceMarkInteractorInput.swift in Sources */,
				F150199E24E8B1D700F4B842 /* UIViewExtensiosn.swift in Sources */,
				F11485B324E862E900F3F48F /* AppDelegate.swift in Sources */,
				F150197624E8988300F4B842 /* CarInfoTableViewCell.swift in Sources */,
				F150199824E8AC4800F4B842 /* BaseNetworkRequest.swift in Sources */,
				F11485B524E862E900F3F48F /* SceneDelegate.swift in Sources */,
				F150199C24E8B17900F4B842 /* MapTabViewController.swift in Sources */,
			);
			runOnlyForDeploymentPostprocessing = 0;
		};
		F11485C124E862EA00F3F48F /* Sources */ = {
			isa = PBXSourcesBuildPhase;
			buildActionMask = 2147483647;
			files = (
				F18F891D24E9735600EEEF00 /* CarInfoTableViewCellTests.swift in Sources */,
				F18F892924E974FE00EEEF00 /* WunderDemoTests.swift in Sources */,
				F18F891F24E973C200EEEF00 /* MapTabViewControllerTests.swift in Sources */,
				F18F892B24E9754500EEEF00 /* TestHelper.swift in Sources */,
				F18F892324E9741900EEEF00 /* PlacemarkResponseTests.swift in Sources */,
				F18F892724E974BB00EEEF00 /* ConstantsTests.swift in Sources */,
			);
			runOnlyForDeploymentPostprocessing = 0;
		};
		F11485CC24E862EA00F3F48F /* Sources */ = {
			isa = PBXSourcesBuildPhase;
			buildActionMask = 2147483647;
			files = (
				F11485D524E862EA00F3F48F /* WunderDemoUITests.swift in Sources */,
			);
			runOnlyForDeploymentPostprocessing = 0;
		};
/* End PBXSourcesBuildPhase section */

/* Begin PBXTargetDependency section */
		F11485C724E862EA00F3F48F /* PBXTargetDependency */ = {
			isa = PBXTargetDependency;
			target = F11485AE24E862E900F3F48F /* WunderDemo */;
			targetProxy = F11485C624E862EA00F3F48F /* PBXContainerItemProxy */;
		};
		F11485D224E862EA00F3F48F /* PBXTargetDependency */ = {
			isa = PBXTargetDependency;
			target = F11485AE24E862E900F3F48F /* WunderDemo */;
			targetProxy = F11485D124E862EA00F3F48F /* PBXContainerItemProxy */;
		};
/* End PBXTargetDependency section */

/* Begin PBXVariantGroup section */
		F11485B824E862E900F3F48F /* Main.storyboard */ = {
			isa = PBXVariantGroup;
			children = (
				F11485B924E862E900F3F48F /* Base */,
			);
			name = Main.storyboard;
			sourceTree = "<group>";
		};
		F11485BD24E862EA00F3F48F /* LaunchScreen.storyboard */ = {
			isa = PBXVariantGroup;
			children = (
				F11485BE24E862EA00F3F48F /* Base */,
			);
			name = LaunchScreen.storyboard;
			sourceTree = "<group>";
		};
/* End PBXVariantGroup section */

/* Begin XCBuildConfiguration section */
		F11485D724E862EA00F3F48F /* Debug */ = {
			isa = XCBuildConfiguration;
			buildSettings = {
				ALWAYS_SEARCH_USER_PATHS = NO;
				CLANG_ANALYZER_NONNULL = YES;
				CLANG_ANALYZER_NUMBER_OBJECT_CONVERSION = YES_AGGRESSIVE;
				CLANG_CXX_LANGUAGE_STANDARD = "gnu++14";
				CLANG_CXX_LIBRARY = "libc++";
				CLANG_ENABLE_MODULES = YES;
				CLANG_ENABLE_OBJC_ARC = YES;
				CLANG_ENABLE_OBJC_WEAK = YES;
				CLANG_WARN_BLOCK_CAPTURE_AUTORELEASING = YES;
				CLANG_WARN_BOOL_CONVERSION = YES;
				CLANG_WARN_COMMA = YES;
				CLANG_WARN_CONSTANT_CONVERSION = YES;
				CLANG_WARN_DEPRECATED_OBJC_IMPLEMENTATIONS = YES;
				CLANG_WARN_DIRECT_OBJC_ISA_USAGE = YES_ERROR;
				CLANG_WARN_DOCUMENTATION_COMMENTS = YES;
				CLANG_WARN_EMPTY_BODY = YES;
				CLANG_WARN_ENUM_CONVERSION = YES;
				CLANG_WARN_INFINITE_RECURSION = YES;
				CLANG_WARN_INT_CONVERSION = YES;
				CLANG_WARN_NON_LITERAL_NULL_CONVERSION = YES;
				CLANG_WARN_OBJC_IMPLICIT_RETAIN_SELF = YES;
				CLANG_WARN_OBJC_LITERAL_CONVERSION = YES;
				CLANG_WARN_OBJC_ROOT_CLASS = YES_ERROR;
				CLANG_WARN_RANGE_LOOP_ANALYSIS = YES;
				CLANG_WARN_STRICT_PROTOTYPES = YES;
				CLANG_WARN_SUSPICIOUS_MOVE = YES;
				CLANG_WARN_UNGUARDED_AVAILABILITY = YES_AGGRESSIVE;
				CLANG_WARN_UNREACHABLE_CODE = YES;
				CLANG_WARN__DUPLICATE_METHOD_MATCH = YES;
				COPY_PHASE_STRIP = NO;
				DEBUG_INFORMATION_FORMAT = dwarf;
				ENABLE_STRICT_OBJC_MSGSEND = YES;
				ENABLE_TESTABILITY = YES;
				GCC_C_LANGUAGE_STANDARD = gnu11;
				GCC_DYNAMIC_NO_PIC = NO;
				GCC_NO_COMMON_BLOCKS = YES;
				GCC_OPTIMIZATION_LEVEL = 0;
				GCC_PREPROCESSOR_DEFINITIONS = (
					"DEBUG=1",
					"$(inherited)",
				);
				GCC_WARN_64_TO_32_BIT_CONVERSION = YES;
				GCC_WARN_ABOUT_RETURN_TYPE = YES_ERROR;
				GCC_WARN_UNDECLARED_SELECTOR = YES;
				GCC_WARN_UNINITIALIZED_AUTOS = YES_AGGRESSIVE;
				GCC_WARN_UNUSED_FUNCTION = YES;
				GCC_WARN_UNUSED_VARIABLE = YES;
				IPHONEOS_DEPLOYMENT_TARGET = 13.6;
				MTL_ENABLE_DEBUG_INFO = INCLUDE_SOURCE;
				MTL_FAST_MATH = YES;
				ONLY_ACTIVE_ARCH = YES;
				SDKROOT = iphoneos;
				SWIFT_ACTIVE_COMPILATION_CONDITIONS = DEBUG;
				SWIFT_OPTIMIZATION_LEVEL = "-Onone";
			};
			name = Debug;
		};
		F11485D824E862EA00F3F48F /* Release */ = {
			isa = XCBuildConfiguration;
			buildSettings = {
				ALWAYS_SEARCH_USER_PATHS = NO;
				CLANG_ANALYZER_NONNULL = YES;
				CLANG_ANALYZER_NUMBER_OBJECT_CONVERSION = YES_AGGRESSIVE;
				CLANG_CXX_LANGUAGE_STANDARD = "gnu++14";
				CLANG_CXX_LIBRARY = "libc++";
				CLANG_ENABLE_MODULES = YES;
				CLANG_ENABLE_OBJC_ARC = YES;
				CLANG_ENABLE_OBJC_WEAK = YES;
				CLANG_WARN_BLOCK_CAPTURE_AUTORELEASING = YES;
				CLANG_WARN_BOOL_CONVERSION = YES;
				CLANG_WARN_COMMA = YES;
				CLANG_WARN_CONSTANT_CONVERSION = YES;
				CLANG_WARN_DEPRECATED_OBJC_IMPLEMENTATIONS = YES;
				CLANG_WARN_DIRECT_OBJC_ISA_USAGE = YES_ERROR;
				CLANG_WARN_DOCUMENTATION_COMMENTS = YES;
				CLANG_WARN_EMPTY_BODY = YES;
				CLANG_WARN_ENUM_CONVERSION = YES;
				CLANG_WARN_INFINITE_RECURSION = YES;
				CLANG_WARN_INT_CONVERSION = YES;
				CLANG_WARN_NON_LITERAL_NULL_CONVERSION = YES;
				CLANG_WARN_OBJC_IMPLICIT_RETAIN_SELF = YES;
				CLANG_WARN_OBJC_LITERAL_CONVERSION = YES;
				CLANG_WARN_OBJC_ROOT_CLASS = YES_ERROR;
				CLANG_WARN_RANGE_LOOP_ANALYSIS = YES;
				CLANG_WARN_STRICT_PROTOTYPES = YES;
				CLANG_WARN_SUSPICIOUS_MOVE = YES;
				CLANG_WARN_UNGUARDED_AVAILABILITY = YES_AGGRESSIVE;
				CLANG_WARN_UNREACHABLE_CODE = YES;
				CLANG_WARN__DUPLICATE_METHOD_MATCH = YES;
				COPY_PHASE_STRIP = NO;
				DEBUG_INFORMATION_FORMAT = "dwarf-with-dsym";
				ENABLE_NS_ASSERTIONS = NO;
				ENABLE_STRICT_OBJC_MSGSEND = YES;
				GCC_C_LANGUAGE_STANDARD = gnu11;
				GCC_NO_COMMON_BLOCKS = YES;
				GCC_WARN_64_TO_32_BIT_CONVERSION = YES;
				GCC_WARN_ABOUT_RETURN_TYPE = YES_ERROR;
				GCC_WARN_UNDECLARED_SELECTOR = YES;
				GCC_WARN_UNINITIALIZED_AUTOS = YES_AGGRESSIVE;
				GCC_WARN_UNUSED_FUNCTION = YES;
				GCC_WARN_UNUSED_VARIABLE = YES;
				IPHONEOS_DEPLOYMENT_TARGET = 13.6;
				MTL_ENABLE_DEBUG_INFO = NO;
				MTL_FAST_MATH = YES;
				SDKROOT = iphoneos;
				SWIFT_COMPILATION_MODE = wholemodule;
				SWIFT_OPTIMIZATION_LEVEL = "-O";
				VALIDATE_PRODUCT = YES;
			};
			name = Release;
		};
		F11485DA24E862EA00F3F48F /* Debug */ = {
			isa = XCBuildConfiguration;
			baseConfigurationReference = C16DE8EFFE176E6B1A38EEDE /* Pods-WunderDemo.debug.xcconfig */;
			buildSettings = {
				ASSETCATALOG_COMPILER_APPICON_NAME = AppIcon;
				CODE_SIGN_STYLE = Automatic;
				DEVELOPMENT_TEAM = L798UUDWH7;
				ENABLE_BITCODE = NO;
				INFOPLIST_FILE = WunderDemo/Info.plist;
				IPHONEOS_DEPLOYMENT_TARGET = 12.0;
				LD_RUNPATH_SEARCH_PATHS = (
					"$(inherited)",
					"@executable_path/Frameworks",
				);
				PRODUCT_BUNDLE_IDENTIFIER = com.puneetmahali.WunderDemo;
				PRODUCT_NAME = "$(TARGET_NAME)";
				SWIFT_VERSION = 5.0;
				TARGETED_DEVICE_FAMILY = "1,2";
			};
			name = Debug;
		};
		F11485DB24E862EA00F3F48F /* Release */ = {
			isa = XCBuildConfiguration;
			baseConfigurationReference = BF727DE342BD33F062D132A5 /* Pods-WunderDemo.release.xcconfig */;
			buildSettings = {
				ASSETCATALOG_COMPILER_APPICON_NAME = AppIcon;
				CODE_SIGN_STYLE = Automatic;
				DEVELOPMENT_TEAM = L798UUDWH7;
				ENABLE_BITCODE = NO;
				INFOPLIST_FILE = WunderDemo/Info.plist;
				IPHONEOS_DEPLOYMENT_TARGET = 12.0;
				LD_RUNPATH_SEARCH_PATHS = (
					"$(inherited)",
					"@executable_path/Frameworks",
				);
				PRODUCT_BUNDLE_IDENTIFIER = com.puneetmahali.WunderDemo;
				PRODUCT_NAME = "$(TARGET_NAME)";
				SWIFT_VERSION = 5.0;
				TARGETED_DEVICE_FAMILY = "1,2";
			};
			name = Release;
		};
		F11485DD24E862EA00F3F48F /* Debug */ = {
			isa = XCBuildConfiguration;
			baseConfigurationReference = CFF1F6654E59B06DF8125732 /* Pods-WunderDemoTests.debug.xcconfig */;
			buildSettings = {
				ALWAYS_EMBED_SWIFT_STANDARD_LIBRARIES = YES;
				BUNDLE_LOADER = "$(TEST_HOST)";
				CLANG_ENABLE_MODULES = YES;
				CODE_SIGN_STYLE = Automatic;
				DEVELOPMENT_TEAM = L798UUDWH7;
				INFOPLIST_FILE = WunderDemoTests/Info.plist;
				IPHONEOS_DEPLOYMENT_TARGET = 12.0;
				LD_RUNPATH_SEARCH_PATHS = (
					"$(inherited)",
					"@executable_path/Frameworks",
					"@loader_path/Frameworks",
				);
				PRODUCT_BUNDLE_IDENTIFIER = com.puneetmahali.WunderDemoTests;
				PRODUCT_NAME = "$(TARGET_NAME)";
				SWIFT_OPTIMIZATION_LEVEL = "-Onone";
				SWIFT_VERSION = 5.0;
				TARGETED_DEVICE_FAMILY = "1,2";
				TEST_HOST = "$(BUILT_PRODUCTS_DIR)/WunderDemo.app/WunderDemo";
			};
			name = Debug;
		};
		F11485DE24E862EA00F3F48F /* Release */ = {
			isa = XCBuildConfiguration;
			baseConfigurationReference = 96E42B463D88DD961CACFAB1 /* Pods-WunderDemoTests.release.xcconfig */;
			buildSettings = {
				ALWAYS_EMBED_SWIFT_STANDARD_LIBRARIES = YES;
				BUNDLE_LOADER = "$(TEST_HOST)";
				CLANG_ENABLE_MODULES = YES;
				CODE_SIGN_STYLE = Automatic;
				DEVELOPMENT_TEAM = L798UUDWH7;
				INFOPLIST_FILE = WunderDemoTests/Info.plist;
				IPHONEOS_DEPLOYMENT_TARGET = 12.0;
				LD_RUNPATH_SEARCH_PATHS = (
					"$(inherited)",
					"@executable_path/Frameworks",
					"@loader_path/Frameworks",
				);
				PRODUCT_BUNDLE_IDENTIFIER = com.puneetmahali.WunderDemoTests;
				PRODUCT_NAME = "$(TARGET_NAME)";
				SWIFT_VERSION = 5.0;
				TARGETED_DEVICE_FAMILY = "1,2";
				TEST_HOST = "$(BUILT_PRODUCTS_DIR)/WunderDemo.app/WunderDemo";
			};
			name = Release;
		};
		F11485E024E862EA00F3F48F /* Debug */ = {
			isa = XCBuildConfiguration;
			baseConfigurationReference = 9D17089B17720A4B9D1EE1E4 /* Pods-WunderDemoUITests.debug.xcconfig */;
			buildSettings = {
				ALWAYS_EMBED_SWIFT_STANDARD_LIBRARIES = YES;
				CODE_SIGN_STYLE = Automatic;
				DEVELOPMENT_TEAM = L798UUDWH7;
				INFOPLIST_FILE = WunderDemoUITests/Info.plist;
				IPHONEOS_DEPLOYMENT_TARGET = 12.0;
				LD_RUNPATH_SEARCH_PATHS = (
					"$(inherited)",
					"@executable_path/Frameworks",
					"@loader_path/Frameworks",
				);
				PRODUCT_BUNDLE_IDENTIFIER = com.puneetmahali.WunderDemoUITests;
				PRODUCT_NAME = "$(TARGET_NAME)";
				SWIFT_VERSION = 5.0;
				TARGETED_DEVICE_FAMILY = "1,2";
				TEST_TARGET_NAME = WunderDemo;
			};
			name = Debug;
		};
		F11485E124E862EA00F3F48F /* Release */ = {
			isa = XCBuildConfiguration;
			baseConfigurationReference = 9402A2E7B20C7181FBBBD4A9 /* Pods-WunderDemoUITests.release.xcconfig */;
			buildSettings = {
				ALWAYS_EMBED_SWIFT_STANDARD_LIBRARIES = YES;
				CODE_SIGN_STYLE = Automatic;
				DEVELOPMENT_TEAM = L798UUDWH7;
				INFOPLIST_FILE = WunderDemoUITests/Info.plist;
				IPHONEOS_DEPLOYMENT_TARGET = 12.0;
				LD_RUNPATH_SEARCH_PATHS = (
					"$(inherited)",
					"@executable_path/Frameworks",
					"@loader_path/Frameworks",
				);
				PRODUCT_BUNDLE_IDENTIFIER = com.puneetmahali.WunderDemoUITests;
				PRODUCT_NAME = "$(TARGET_NAME)";
				SWIFT_VERSION = 5.0;
				TARGETED_DEVICE_FAMILY = "1,2";
				TEST_TARGET_NAME = WunderDemo;
			};
			name = Release;
		};
/* End XCBuildConfiguration section */

/* Begin XCConfigurationList section */
		F11485AA24E862E900F3F48F /* Build configuration list for PBXProject "WunderDemo" */ = {
			isa = XCConfigurationList;
			buildConfigurations = (
				F11485D724E862EA00F3F48F /* Debug */,
				F11485D824E862EA00F3F48F /* Release */,
			);
			defaultConfigurationIsVisible = 0;
			defaultConfigurationName = Release;
		};
		F11485D924E862EA00F3F48F /* Build configuration list for PBXNativeTarget "WunderDemo" */ = {
			isa = XCConfigurationList;
			buildConfigurations = (
				F11485DA24E862EA00F3F48F /* Debug */,
				F11485DB24E862EA00F3F48F /* Release */,
			);
			defaultConfigurationIsVisible = 0;
			defaultConfigurationName = Release;
		};
		F11485DC24E862EA00F3F48F /* Build configuration list for PBXNativeTarget "WunderDemoTests" */ = {
			isa = XCConfigurationList;
			buildConfigurations = (
				F11485DD24E862EA00F3F48F /* Debug */,
				F11485DE24E862EA00F3F48F /* Release */,
			);
			defaultConfigurationIsVisible = 0;
			defaultConfigurationName = Release;
		};
		F11485DF24E862EA00F3F48F /* Build configuration list for PBXNativeTarget "WunderDemoUITests" */ = {
			isa = XCConfigurationList;
			buildConfigurations = (
				F11485E024E862EA00F3F48F /* Debug */,
				F11485E124E862EA00F3F48F /* Release */,
			);
			defaultConfigurationIsVisible = 0;
			defaultConfigurationName = Release;
		};
/* End XCConfigurationList section */
	};
	rootObject = F11485A724E862E900F3F48F /* Project object */;
}
