// !$*UTF8*$!
{
	archiveVersion = 1;
	classes = {
	};
	objectVersion = 50;
	objects = {

/* Begin PBXBuildFile section */
		F11485B324E862E900F3F48F /* AppDelegate.swift in Sources */ = {isa = PBXBuildFile; fileRef = F11485B224E862E900F3F48F /* AppDelegate.swift */; };
		F11485B524E862E900F3F48F /* SceneDelegate.swift in Sources */ = {isa = PBXBuildFile; fileRef = F11485B424E862E900F3F48F /* SceneDelegate.swift */; };
		F11485B724E862E900F3F48F /* ViewController.swift in Sources */ = {isa = PBXBuildFile; fileRef = F11485B624E862E900F3F48F /* ViewController.swift */; };
		F11485BA24E862E900F3F48F /* Main.storyboard in Resources */ = {isa = PBXBuildFile; fileRef = F11485B824E862E900F3F48F /* Main.storyboard */; };
		F11485BC24E862EA00F3F48F /* Assets.xcassets in Resources */ = {isa = PBXBuildFile; fileRef = F11485BB24E862EA00F3F48F /* Assets.xcassets */; };
		F11485BF24E862EA00F3F48F /* LaunchScreen.storyboard in Resources */ = {isa = PBXBuildFile; fileRef = F11485BD24E862EA00F3F48F /* LaunchScreen.storyboard */; };
		F11485CA24E862EA00F3F48F /* WunderDemoTests.swift in Sources */ = {isa = PBXBuildFile; fileRef = F11485C924E862EA00F3F48F /* WunderDemoTests.swift */; };
		F11485D524E862EA00F3F48F /* WunderDemoUITests.swift in Sources */ = {isa = PBXBuildFile; fileRef = F11485D424E862EA00F3F48F /* WunderDemoUITests.swift */; };
/* End PBXBuildFile section */

/* Begin PBXContainerItemProxy section */
		F11485C624E862EA00F3F48F /* PBXContainerItemProxy */ = {
			isa = PBXContainerItemProxy;
			containerPortal = F11485A724E862E900F3F48F /* Project object */;
			proxyType = 1;
			remoteGlobalIDString = F11485AE24E862E900F3F48F;
			remoteInfo = WunderDemo;
		};
		F11485D124E862EA00F3F48F /* PBXContainerItemProxy */ = {
			isa = PBXContainerItemProxy;
			containerPortal = F11485A724E862E900F3F48F /* Project object */;
			proxyType = 1;
			remoteGlobalIDString = F11485AE24E862E900F3F48F;
			remoteInfo = WunderDemo;
		};
/* End PBXContainerItemProxy section */

/* Begin PBXFileReference section */
		F11485AF24E862E900F3F48F /* WunderDemo.app */ = {isa = PBXFileReference; explicitFileType = wrapper.application; includeInIndex = 0; path = WunderDemo.app; sourceTree = BUILT_PRODUCTS_DIR; };
		F11485B224E862E900F3F48F /* AppDelegate.swift */ = {isa = PBXFileReference; lastKnownFileType = sourcecode.swift; path = AppDelegate.swift; sourceTree = "<group>"; };
		F11485B424E862E900F3F48F /* SceneDelegate.swift */ = {isa = PBXFileReference; lastKnownFileType = sourcecode.swift; path = SceneDelegate.swift; sourceTree = "<group>"; };
		F11485B624E862E900F3F48F /* ViewController.swift */ = {isa = PBXFileReference; lastKnownFileType = sourcecode.swift; path = ViewController.swift; sourceTree = "<group>"; };
		F11485B924E862E900F3F48F /* Base */ = {isa = PBXFileReference; lastKnownFileType = file.storyboard; name = Base; path = Base.lproj/Main.storyboard; sourceTree = "<group>"; };
		F11485BB24E862EA00F3F48F /* Assets.xcassets */ = {isa = PBXFileReference; lastKnownFileType = folder.assetcatalog; path = Assets.xcassets; sourceTree = "<group>"; };
		F11485BE24E862EA00F3F48F /* Base */ = {isa = PBXFileReference; lastKnownFileType = file.storyboard; name = Base; path = Base.lproj/LaunchScreen.storyboard; sourceTree = "<group>"; };
		F11485C024E862EA00F3F48F /* Info.plist */ = {isa = PBXFileReference; lastKnownFileType = text.plist.xml; path = Info.plist; sourceTree = "<group>"; };
		F11485C524E862EA00F3F48F /* WunderDemoTests.xctest */ = {isa = PBXFileReference; explicitFileType = wrapper.cfbundle; includeInIndex = 0; path = WunderDemoTests.xctest; sourceTree = BUILT_PRODUCTS_DIR; };
		F11485C924E862EA00F3F48F /* WunderDemoTests.swift */ = {isa = PBXFileReference; lastKnownFileType = sourcecode.swift; path = WunderDemoTests.swift; sourceTree = "<group>"; };
		F11485CB24E862EA00F3F48F /* Info.plist */ = {isa = PBXFileReference; lastKnownFileType = text.plist.xml; path = Info.plist; sourceTree = "<group>"; };
		F11485D024E862EA00F3F48F /* WunderDemoUITests.xctest */ = {isa = PBXFileReference; explicitFileType = wrapper.cfbundle; includeInIndex = 0; path = WunderDemoUITests.xctest; sourceTree = BUILT_PRODUCTS_DIR; };
		F11485D424E862EA00F3F48F /* WunderDemoUITests.swift */ = {isa = PBXFileReference; lastKnownFileType = sourcecode.swift; path = WunderDemoUITests.swift; sourceTree = "<group>"; };
		F11485D624E862EA00F3F48F /* Info.plist */ = {isa = PBXFileReference; lastKnownFileType = text.plist.xml; path = Info.plist; sourceTree = "<group>"; };
/* End PBXFileReference section */

/* Begin PBXFrameworksBuildPhase section */
		F11485AC24E862E900F3F48F /* Frameworks */ = {
			isa = PBXFrameworksBuildPhase;
			buildActionMask = 2147483647;
			files = (
			);
			runOnlyForDeploymentPostprocessing = 0;
		};
		F11485C224E862EA00F3F48F /* Frameworks */ = {
			isa = PBXFrameworksBuildPhase;
			buildActionMask = 2147483647;
			files = (
			);
			runOnlyForDeploymentPostprocessing = 0;
		};
		F11485CD24E862EA00F3F48F /* Frameworks */ = {
			isa = PBXFrameworksBuildPhase;
			buildActionMask = 2147483647;
			files = (
			);
			runOnlyForDeploymentPostprocessing = 0;
		};
/* End PBXFrameworksBuildPhase section */

/* Begin PBXGroup section */
		F11485A624E862E900F3F48F = {
			isa = PBXGroup;
			children = (
				F11485B124E862E900F3F48F /* WunderDemo */,
				F11485C824E862EA00F3F48F /* WunderDemoTests */,
				F11485D324E862EA00F3F48F /* WunderDemoUITests */,
				F11485B024E862E900F3F48F /* Products */,
			);
			sourceTree = "<group>";
		};
		F11485B024E862E900F3F48F /* Products */ = {
			isa = PBXGroup;
			children = (
				F11485AF24E862E900F3F48F /* WunderDemo.app */,
				F11485C524E862EA00F3F48F /* WunderDemoTests.xctest */,
				F11485D024E862EA00F3F48F /* WunderDemoUITests.xctest */,
			);
			name = Products;
			sourceTree = "<group>";
		};
		F11485B124E862E900F3F48F /* WunderDemo */ = {
			isa = PBXGroup;
			children = (
				F11485B224E862E900F3F48F /* AppDelegate.swift */,
				F11485B424E862E900F3F48F /* SceneDelegate.swift */,
				F11485B624E862E900F3F48F /* ViewController.swift */,
				F11485B824E862E900F3F48F /* Main.storyboard */,
				F11485BB24E862EA00F3F48F /* Assets.xcassets */,
				F11485BD24E862EA00F3F48F /* LaunchScreen.storyboard */,
				F11485C024E862EA00F3F48F /* Info.plist */,
			);
			path = WunderDemo;
			sourceTree = "<group>";
		};
		F11485C824E862EA00F3F48F /* WunderDemoTests */ = {
			isa = PBXGroup;
			children = (
				F11485C924E862EA00F3F48F /* WunderDemoTests.swift */,
				F11485CB24E862EA00F3F48F /* Info.plist */,
			);
			path = WunderDemoTests;
			sourceTree = "<group>";
		};
		F11485D324E862EA00F3F48F /* WunderDemoUITests */ = {
			isa = PBXGroup;
			children = (
				F11485D424E862EA00F3F48F /* WunderDemoUITests.swift */,
				F11485D624E862EA00F3F48F /* Info.plist */,
			);
			path = WunderDemoUITests;
			sourceTree = "<group>";
		};
/* End PBXGroup section */

/* Begin PBXNativeTarget section */
		F11485AE24E862E900F3F48F /* WunderDemo */ = {
			isa = PBXNativeTarget;
			buildConfigurationList = F11485D924E862EA00F3F48F /* Build configuration list for PBXNativeTarget "WunderDemo" */;
			buildPhases = (
				F11485AB24E862E900F3F48F /* Sources */,
				F11485AC24E862E900F3F48F /* Frameworks */,
				F11485AD24E862E900F3F48F /* Resources */,
			);
			buildRules = (
			);
			dependencies = (
			);
			name = WunderDemo;
			productName = WunderDemo;
			productReference = F11485AF24E862E900F3F48F /* WunderDemo.app */;
			productType = "com.apple.product-type.application";
		};
		F11485C424E862EA00F3F48F /* WunderDemoTests */ = {
			isa = PBXNativeTarget;
			buildConfigurationList = F11485DC24E862EA00F3F48F /* Build configuration list for PBXNativeTarget "WunderDemoTests" */;
			buildPhases = (
				F11485C124E862EA00F3F48F /* Sources */,
				F11485C224E862EA00F3F48F /* Frameworks */,
				F11485C324E862EA00F3F48F /* Resources */,
			);
			buildRules = (
			);
			dependencies = (
				F11485C724E862EA00F3F48F /* PBXTargetDependency */,
			);
			name = WunderDemoTests;
			productName = WunderDemoTests;
			productReference = F11485C524E862EA00F3F48F /* WunderDemoTests.xctest */;
			productType = "com.apple.product-type.bundle.unit-test";
		};
		F11485CF24E862EA00F3F48F /* WunderDemoUITests */ = {
			isa = PBXNativeTarget;
			buildConfigurationList = F11485DF24E862EA00F3F48F /* Build configuration list for PBXNativeTarget "WunderDemoUITests" */;
			buildPhases = (
				F11485CC24E862EA00F3F48F /* Sources */,
				F11485CD24E862EA00F3F48F /* Frameworks */,
				F11485CE24E862EA00F3F48F /* Resources */,
			);
			buildRules = (
			);
			dependencies = (
				F11485D224E862EA00F3F48F /* PBXTargetDependency */,
			);
			name = WunderDemoUITests;
			productName = WunderDemoUITests;
			productReference = F11485D024E862EA00F3F48F /* WunderDemoUITests.xctest */;
			productType = "com.apple.product-type.bundle.ui-testing";
		};
/* End PBXNativeTarget section */

/* Begin PBXProject section */
		F11485A724E862E900F3F48F /* Project object */ = {
			isa = PBXProject;
			attributes = {
				LastSwiftUpdateCheck = 1160;
				LastUpgradeCheck = 1160;
				ORGANIZATIONNAME = "Puneet Mahali";
				TargetAttributes = {
					F11485AE24E862E900F3F48F = {
						CreatedOnToolsVersion = 11.6;
					};
					F11485C424E862EA00F3F48F = {
						CreatedOnToolsVersion = 11.6;
						TestTargetID = F11485AE24E862E900F3F48F;
					};
					F11485CF24E862EA00F3F48F = {
						CreatedOnToolsVersion = 11.6;
						TestTargetID = F11485AE24E862E900F3F48F;
					};
				};
			};
			buildConfigurationList = F11485AA24E862E900F3F48F /* Build configuration list for PBXProject "WunderDemo" */;
			compatibilityVersion = "Xcode 9.3";
			developmentRegion = en;
			hasScannedForEncodings = 0;
			knownRegions = (
				en,
				Base,
			);
			mainGroup = F11485A624E862E900F3F48F;
			productRefGroup = F11485B024E862E900F3F48F /* Products */;
			projectDirPath = "";
			projectRoot = "";
			targets = (
				F11485AE24E862E900F3F48F /* WunderDemo */,
				F11485C424E862EA00F3F48F /* WunderDemoTests */,
				F11485CF24E862EA00F3F48F /* WunderDemoUITests */,
			);
		};
/* End PBXProject section */

/* Begin PBXResourcesBuildPhase section */
		F11485AD24E862E900F3F48F /* Resources */ = {
			isa = PBXResourcesBuildPhase;
			buildActionMask = 2147483647;
			files = (
				F11485BF24E862EA00F3F48F /* LaunchScreen.storyboard in Resources */,
				F11485BC24E862EA00F3F48F /* Assets.xcassets in Resources */,
				F11485BA24E862E900F3F48F /* Main.storyboard in Resources */,
			);
			runOnlyForDeploymentPostprocessing = 0;
		};
		F11485C324E862EA00F3F48F /* Resources */ = {
			isa = PBXResourcesBuildPhase;
			buildActionMask = 2147483647;
			files = (
			);
			runOnlyForDeploymentPostprocessing = 0;
		};
		F11485CE24E862EA00F3F48F /* Resources */ = {
			isa = PBXResourcesBuildPhase;
			buildActionMask = 2147483647;
			files = (
			);
			runOnlyForDeploymentPostprocessing = 0;
		};
/* End PBXResourcesBuildPhase section */

/* Begin PBXSourcesBuildPhase section */
		F11485AB24E862E900F3F48F /* Sources */ = {
			isa = PBXSourcesBuildPhase;
			buildActionMask = 2147483647;
			files = (
				F11485B724E862E900F3F48F /* ViewController.swift in Sources */,
				F11485B324E862E900F3F48F /* AppDelegate.swift in Sources */,
				F11485B524E862E900F3F48F /* SceneDelegate.swift in Sources */,
			);
			runOnlyForDeploymentPostprocessing = 0;
		};
		F11485C124E862EA00F3F48F /* Sources */ = {
			isa = PBXSourcesBuildPhase;
			buildActionMask = 2147483647;
			files = (
				F11485CA24E862EA00F3F48F /* WunderDemoTests.swift in Sources */,
			);
			runOnlyForDeploymentPostprocessing = 0;
		};
		F11485CC24E862EA00F3F48F /* Sources */ = {
			isa = PBXSourcesBuildPhase;
			buildActionMask = 2147483647;
			files = (
				F11485D524E862EA00F3F48F /* WunderDemoUITests.swift in Sources */,
			);
			runOnlyForDeploymentPostprocessing = 0;
		};
/* End PBXSourcesBuildPhase section */

/* Begin PBXTargetDependency section */
		F11485C724E862EA00F3F48F /* PBXTargetDependency */ = {
			isa = PBXTargetDependency;
			target = F11485AE24E862E900F3F48F /* WunderDemo */;
			targetProxy = F11485C624E862EA00F3F48F /* PBXContainerItemProxy */;
		};
		F11485D224E862EA00F3F48F /* PBXTargetDependency */ = {
			isa = PBXTargetDependency;
			target = F11485AE24E862E900F3F48F /* WunderDemo */;
			targetProxy = F11485D124E862EA00F3F48F /* PBXContainerItemProxy */;
		};
/* End PBXTargetDependency section */

/* Begin PBXVariantGroup section */
		F11485B824E862E900F3F48F /* Main.storyboard */ = {
			isa = PBXVariantGroup;
			children = (
				F11485B924E862E900F3F48F /* Base */,
			);
			name = Main.storyboard;
			sourceTree = "<group>";
		};
		F11485BD24E862EA00F3F48F /* LaunchScreen.storyboard */ = {
			isa = PBXVariantGroup;
			children = (
				F11485BE24E862EA00F3F48F /* Base */,
			);
			name = LaunchScreen.storyboard;
			sourceTree = "<group>";
		};
/* End PBXVariantGroup section */

/* Begin XCBuildConfiguration section */
		F11485D724E862EA00F3F48F /* Debug */ = {
			isa = XCBuildConfiguration;
			buildSettings = {
				ALWAYS_SEARCH_USER_PATHS = NO;
				CLANG_ANALYZER_NONNULL = YES;
				CLANG_ANALYZER_NUMBER_OBJECT_CONVERSION = YES_AGGRESSIVE;
				CLANG_CXX_LANGUAGE_STANDARD = "gnu++14";
				CLANG_CXX_LIBRARY = "libc++";
				CLANG_ENABLE_MODULES = YES;
				CLANG_ENABLE_OBJC_ARC = YES;
				CLANG_ENABLE_OBJC_WEAK = YES;
				CLANG_WARN_BLOCK_CAPTURE_AUTORELEASING = YES;
				CLANG_WARN_BOOL_CONVERSION = YES;
				CLANG_WARN_COMMA = YES;
				CLANG_WARN_CONSTANT_CONVERSION = YES;
				CLANG_WARN_DEPRECATED_OBJC_IMPLEMENTATIONS = YES;
				CLANG_WARN_DIRECT_OBJC_ISA_USAGE = YES_ERROR;
				CLANG_WARN_DOCUMENTATION_COMMENTS = YES;
				CLANG_WARN_EMPTY_BODY = YES;
				CLANG_WARN_ENUM_CONVERSION = YES;
				CLANG_WARN_INFINITE_RECURSION = YES;
				CLANG_WARN_INT_CONVERSION = YES;
				CLANG_WARN_NON_LITERAL_NULL_CONVERSION = YES;
				CLANG_WARN_OBJC_IMPLICIT_RETAIN_SELF = YES;
				CLANG_WARN_OBJC_LITERAL_CONVERSION = YES;
				CLANG_WARN_OBJC_ROOT_CLASS = YES_ERROR;
				CLANG_WARN_RANGE_LOOP_ANALYSIS = YES;
				CLANG_WARN_STRICT_PROTOTYPES = YES;
				CLANG_WARN_SUSPICIOUS_MOVE = YES;
				CLANG_WARN_UNGUARDED_AVAILABILITY = YES_AGGRESSIVE;
				CLANG_WARN_UNREACHABLE_CODE = YES;
				CLANG_WARN__DUPLICATE_METHOD_MATCH = YES;
				COPY_PHASE_STRIP = NO;
				DEBUG_INFORMATION_FORMAT = dwarf;
				ENABLE_STRICT_OBJC_MSGSEND = YES;
				ENABLE_TESTABILITY = YES;
				GCC_C_LANGUAGE_STANDARD = gnu11;
				GCC_DYNAMIC_NO_PIC = NO;
				GCC_NO_COMMON_BLOCKS = YES;
				GCC_OPTIMIZATION_LEVEL = 0;
				GCC_PREPROCESSOR_DEFINITIONS = (
					"DEBUG=1",
					"$(inherited)",
				);
				GCC_WARN_64_TO_32_BIT_CONVERSION = YES;
				GCC_WARN_ABOUT_RETURN_TYPE = YES_ERROR;
				GCC_WARN_UNDECLARED_SELECTOR = YES;
				GCC_WARN_UNINITIALIZED_AUTOS = YES_AGGRESSIVE;
				GCC_WARN_UNUSED_FUNCTION = YES;
				GCC_WARN_UNUSED_VARIABLE = YES;
				IPHONEOS_DEPLOYMENT_TARGET = 13.6;
				MTL_ENABLE_DEBUG_INFO = INCLUDE_SOURCE;
				MTL_FAST_MATH = YES;
				ONLY_ACTIVE_ARCH = YES;
				SDKROOT = iphoneos;
				SWIFT_ACTIVE_COMPILATION_CONDITIONS = DEBUG;
				SWIFT_OPTIMIZATION_LEVEL = "-Onone";
			};
			name = Debug;
		};
		F11485D824E862EA00F3F48F /* Release */ = {
			isa = XCBuildConfiguration;
			buildSettings = {
				ALWAYS_SEARCH_USER_PATHS = NO;
				CLANG_ANALYZER_NONNULL = YES;
				CLANG_ANALYZER_NUMBER_OBJECT_CONVERSION = YES_AGGRESSIVE;
				CLANG_CXX_LANGUAGE_STANDARD = "gnu++14";
				CLANG_CXX_LIBRARY = "libc++";
				CLANG_ENABLE_MODULES = YES;
				CLANG_ENABLE_OBJC_ARC = YES;
				CLANG_ENABLE_OBJC_WEAK = YES;
				CLANG_WARN_BLOCK_CAPTURE_AUTORELEASING = YES;
				CLANG_WARN_BOOL_CONVERSION = YES;
				CLANG_WARN_COMMA = YES;
				CLANG_WARN_CONSTANT_CONVERSION = YES;
				CLANG_WARN_DEPRECATED_OBJC_IMPLEMENTATIONS = YES;
				CLANG_WARN_DIRECT_OBJC_ISA_USAGE = YES_ERROR;
				CLANG_WARN_DOCUMENTATION_COMMENTS = YES;
				CLANG_WARN_EMPTY_BODY = YES;
				CLANG_WARN_ENUM_CONVERSION = YES;
				CLANG_WARN_INFINITE_RECURSION = YES;
				CLANG_WARN_INT_CONVERSION = YES;
				CLANG_WARN_NON_LITERAL_NULL_CONVERSION = YES;
				CLANG_WARN_OBJC_IMPLICIT_RETAIN_SELF = YES;
				CLANG_WARN_OBJC_LITERAL_CONVERSION = YES;
				CLANG_WARN_OBJC_ROOT_CLASS = YES_ERROR;
				CLANG_WARN_RANGE_LOOP_ANALYSIS = YES;
				CLANG_WARN_STRICT_PROTOTYPES = YES;
				CLANG_WARN_SUSPICIOUS_MOVE = YES;
				CLANG_WARN_UNGUARDED_AVAILABILITY = YES_AGGRESSIVE;
				CLANG_WARN_UNREACHABLE_CODE = YES;
				CLANG_WARN__DUPLICATE_METHOD_MATCH = YES;
				COPY_PHASE_STRIP = NO;
				DEBUG_INFORMATION_FORMAT = "dwarf-with-dsym";
				ENABLE_NS_ASSERTIONS = NO;
				ENABLE_STRICT_OBJC_MSGSEND = YES;
				GCC_C_LANGUAGE_STANDARD = gnu11;
				GCC_NO_COMMON_BLOCKS = YES;
				GCC_WARN_64_TO_32_BIT_CONVERSION = YES;
				GCC_WARN_ABOUT_RETURN_TYPE = YES_ERROR;
				GCC_WARN_UNDECLARED_SELECTOR = YES;
				GCC_WARN_UNINITIALIZED_AUTOS = YES_AGGRESSIVE;
				GCC_WARN_UNUSED_FUNCTION = YES;
				GCC_WARN_UNUSED_VARIABLE = YES;
				IPHONEOS_DEPLOYMENT_TARGET = 13.6;
				MTL_ENABLE_DEBUG_INFO = NO;
				MTL_FAST_MATH = YES;
				SDKROOT = iphoneos;
				SWIFT_COMPILATION_MODE = wholemodule;
				SWIFT_OPTIMIZATION_LEVEL = "-O";
				VALIDATE_PRODUCT = YES;
			};
			name = Release;
		};
		F11485DA24E862EA00F3F48F /* Debug */ = {
			isa = XCBuildConfiguration;
			buildSettings = {
				ASSETCATALOG_COMPILER_APPICON_NAME = AppIcon;
				CODE_SIGN_STYLE = Automatic;
				DEVELOPMENT_TEAM = L798UUDWH7;
				INFOPLIST_FILE = WunderDemo/Info.plist;
				IPHONEOS_DEPLOYMENT_TARGET = 13.0;
				LD_RUNPATH_SEARCH_PATHS = (
					"$(inherited)",
					"@executable_path/Frameworks",
				);
				PRODUCT_BUNDLE_IDENTIFIER = com.puneetmahali.WunderDemo;
				PRODUCT_NAME = "$(TARGET_NAME)";
				SWIFT_VERSION = 5.0;
				TARGETED_DEVICE_FAMILY = "1,2";
			};
			name = Debug;
		};
		F11485DB24E862EA00F3F48F /* Release */ = {
			isa = XCBuildConfiguration;
			buildSettings = {
				ASSETCATALOG_COMPILER_APPICON_NAME = AppIcon;
				CODE_SIGN_STYLE = Automatic;
				DEVELOPMENT_TEAM = L798UUDWH7;
				INFOPLIST_FILE = WunderDemo/Info.plist;
				IPHONEOS_DEPLOYMENT_TARGET = 13.0;
				LD_RUNPATH_SEARCH_PATHS = (
					"$(inherited)",
					"@executable_path/Frameworks",
				);
				PRODUCT_BUNDLE_IDENTIFIER = com.puneetmahali.WunderDemo;
				PRODUCT_NAME = "$(TARGET_NAME)";
				SWIFT_VERSION = 5.0;
				TARGETED_DEVICE_FAMILY = "1,2";
			};
			name = Release;
		};
		F11485DD24E862EA00F3F48F /* Debug */ = {
			isa = XCBuildConfiguration;
			buildSettings = {
				ALWAYS_EMBED_SWIFT_STANDARD_LIBRARIES = YES;
				BUNDLE_LOADER = "$(TEST_HOST)";
				CODE_SIGN_STYLE = Automatic;
				DEVELOPMENT_TEAM = L798UUDWH7;
				INFOPLIST_FILE = WunderDemoTests/Info.plist;
				IPHONEOS_DEPLOYMENT_TARGET = 13.6;
				LD_RUNPATH_SEARCH_PATHS = (
					"$(inherited)",
					"@executable_path/Frameworks",
					"@loader_path/Frameworks",
				);
				PRODUCT_BUNDLE_IDENTIFIER = com.puneetmahali.WunderDemoTests;
				PRODUCT_NAME = "$(TARGET_NAME)";
				SWIFT_VERSION = 5.0;
				TARGETED_DEVICE_FAMILY = "1,2";
				TEST_HOST = "$(BUILT_PRODUCTS_DIR)/WunderDemo.app/WunderDemo";
			};
			name = Debug;
		};
		F11485DE24E862EA00F3F48F /* Release */ = {
			isa = XCBuildConfiguration;
			buildSettings = {
				ALWAYS_EMBED_SWIFT_STANDARD_LIBRARIES = YES;
				BUNDLE_LOADER = "$(TEST_HOST)";
				CODE_SIGN_STYLE = Automatic;
				DEVELOPMENT_TEAM = L798UUDWH7;
				INFOPLIST_FILE = WunderDemoTests/Info.plist;
				IPHONEOS_DEPLOYMENT_TARGET = 13.6;
				LD_RUNPATH_SEARCH_PATHS = (
					"$(inherited)",
					"@executable_path/Frameworks",
					"@loader_path/Frameworks",
				);
				PRODUCT_BUNDLE_IDENTIFIER = com.puneetmahali.WunderDemoTests;
				PRODUCT_NAME = "$(TARGET_NAME)";
				SWIFT_VERSION = 5.0;
				TARGETED_DEVICE_FAMILY = "1,2";
				TEST_HOST = "$(BUILT_PRODUCTS_DIR)/WunderDemo.app/WunderDemo";
			};
			name = Release;
		};
		F11485E024E862EA00F3F48F /* Debug */ = {
			isa = XCBuildConfiguration;
			buildSettings = {
				ALWAYS_EMBED_SWIFT_STANDARD_LIBRARIES = YES;
				CODE_SIGN_STYLE = Automatic;
				DEVELOPMENT_TEAM = L798UUDWH7;
				INFOPLIST_FILE = WunderDemoUITests/Info.plist;
				LD_RUNPATH_SEARCH_PATHS = (
					"$(inherited)",
					"@executable_path/Frameworks",
					"@loader_path/Frameworks",
				);
				PRODUCT_BUNDLE_IDENTIFIER = com.puneetmahali.WunderDemoUITests;
				PRODUCT_NAME = "$(TARGET_NAME)";
				SWIFT_VERSION = 5.0;
				TARGETED_DEVICE_FAMILY = "1,2";
				TEST_TARGET_NAME = WunderDemo;
			};
			name = Debug;
		};
		F11485E124E862EA00F3F48F /* Release */ = {
			isa = XCBuildConfiguration;
			buildSettings = {
				ALWAYS_EMBED_SWIFT_STANDARD_LIBRARIES = YES;
				CODE_SIGN_STYLE = Automatic;
				DEVELOPMENT_TEAM = L798UUDWH7;
				INFOPLIST_FILE = WunderDemoUITests/Info.plist;
				LD_RUNPATH_SEARCH_PATHS = (
					"$(inherited)",
					"@executable_path/Frameworks",
					"@loader_path/Frameworks",
				);
				PRODUCT_BUNDLE_IDENTIFIER = com.puneetmahali.WunderDemoUITests;
				PRODUCT_NAME = "$(TARGET_NAME)";
				SWIFT_VERSION = 5.0;
				TARGETED_DEVICE_FAMILY = "1,2";
				TEST_TARGET_NAME = WunderDemo;
			};
			name = Release;
		};
/* End XCBuildConfiguration section */

/* Begin XCConfigurationList section */
		F11485AA24E862E900F3F48F /* Build configuration list for PBXProject "WunderDemo" */ = {
			isa = XCConfigurationList;
			buildConfigurations = (
				F11485D724E862EA00F3F48F /* Debug */,
				F11485D824E862EA00F3F48F /* Release */,
			);
			defaultConfigurationIsVisible = 0;
			defaultConfigurationName = Release;
		};
		F11485D924E862EA00F3F48F /* Build configuration list for PBXNativeTarget "WunderDemo" */ = {
			isa = XCConfigurationList;
			buildConfigurations = (
				F11485DA24E862EA00F3F48F /* Debug */,
				F11485DB24E862EA00F3F48F /* Release */,
			);
			defaultConfigurationIsVisible = 0;
			defaultConfigurationName = Release;
		};
		F11485DC24E862EA00F3F48F /* Build configuration list for PBXNativeTarget "WunderDemoTests" */ = {
			isa = XCConfigurationList;
			buildConfigurations = (
				F11485DD24E862EA00F3F48F /* Debug */,
				F11485DE24E862EA00F3F48F /* Release */,
			);
			defaultConfigurationIsVisible = 0;
			defaultConfigurationName = Release;
		};
		F11485DF24E862EA00F3F48F /* Build configuration list for PBXNativeTarget "WunderDemoUITests" */ = {
			isa = XCConfigurationList;
			buildConfigurations = (
				F11485E024E862EA00F3F48F /* Debug */,
				F11485E124E862EA00F3F48F /* Release */,
			);
			defaultConfigurationIsVisible = 0;
			defaultConfigurationName = Release;
		};
/* End XCConfigurationList section */
	};
	rootObject = F11485A724E862E900F3F48F /* Project object */;
}
